
Microsoft Visual Studio Solution File, Format Version 12.00
Project("{FAE04EC0-301F-11D3-BF4B-00C04F79EFBC}") = "ASP.NETCoreWebApplication_React", "ASP.NETCoreWebApplication_React\ASP.NETCoreWebApplication_React.csproj", "{12E53E78-3E4A-4F86-8289-B7D888F8A173}"
EndProject
Global
	GlobalSection(SolutionConfigurationPlatforms) = preSolution
		Debug|Any CPU = Debug|Any CPU
		Release|Any CPU = Release|Any CPU
	EndGlobalSection
	GlobalSection(ProjectConfigurationPlatforms) = postSolution
		{12E53E78-3E4A-4F86-8289-B7D888F8A173}.Debug|Any CPU.ActiveCfg = Debug|Any CPU
		{12E53E78-3E4A-4F86-8289-B7D888F8A173}.Debug|Any CPU.Build.0 = Debug|Any CPU
		{12E53E78-3E4A-4F86-8289-B7D888F8A173}.Release|Any CPU.ActiveCfg = Release|Any CPU
		{12E53E78-3E4A-4F86-8289-B7D888F8A173}.Release|Any CPU.Build.0 = Release|Any CPU
	EndGlobalSection
EndGlobal
